// !$*UTF8*$!
{
	archiveVersion = 1;
	classes = {
	};
	objectVersion = 47;
	objects = {

/* Begin PBXBuildFile section */
		6F2E92131C7E735000C43E8A /* UIKit.framework in Frameworks */ = {isa = PBXBuildFile; fileRef = 2AFC8D77176F966000F7F3B5 /* UIKit.framework */; };
		6F2E92141C7E735A00C43E8A /* SceneKit.framework in Frameworks */ = {isa = PBXBuildFile; fileRef = 0DF7F8861B8E387E003127B0 /* SceneKit.framework */; };
		6F5CA09D1C751A4B00A33642 /* main.mm in Sources */ = {isa = PBXBuildFile; fileRef = 6F5CA09C1C751A4B00A33642 /* main.mm */; };
		6F5CA0A01C751A4B00A33642 /* AppDelegate.mm in Sources */ = {isa = PBXBuildFile; fileRef = 6F5CA09F1C751A4B00A33642 /* AppDelegate.mm */; };
		6F5CA0A31C751A4B00A33642 /* ViewController.mm in Sources */ = {isa = PBXBuildFile; fileRef = 6F5CA0A21C751A4B00A33642 /* ViewController.mm */; };
		6F5CA0A61C751A4B00A33642 /* Main.storyboard in Resources */ = {isa = PBXBuildFile; fileRef = 6F5CA0A41C751A4B00A33642 /* Main.storyboard */; };
		6F5CA0A81C751A4B00A33642 /* Assets.xcassets in Resources */ = {isa = PBXBuildFile; fileRef = 6F5CA0A71C751A4B00A33642 /* Assets.xcassets */; };
		6F5CA0AB1C751A4B00A33642 /* LaunchScreen.storyboard in Resources */ = {isa = PBXBuildFile; fileRef = 6F5CA0A91C751A4B00A33642 /* LaunchScreen.storyboard */; };
		6F85C2751C7E69C600152850 /* Assets.scnassets in Resources */ = {isa = PBXBuildFile; fileRef = 6F85C2741C7E69C600152850 /* Assets.scnassets */; };
		6FC96EEF1C8546E0008450CD /* BridgeEngine.framework in Frameworks */ = {isa = PBXBuildFile; fileRef = 6FB58D0A1C853E0400EFDE8C /* BridgeEngine.framework */; };
		6FC96EF01C8546E0008450CD /* BridgeEngine.framework in Embed Frameworks */ = {isa = PBXBuildFile; fileRef = 6FB58D0A1C853E0400EFDE8C /* BridgeEngine.framework */; settings = {ATTRIBUTES = (CodeSignOnCopy, RemoveHeadersOnCopy, ); }; };
		6FF00A3B1C812D61009A3BCD /* Settings.bundle in Resources */ = {isa = PBXBuildFile; fileRef = 6FF00A3A1C812D61009A3BCD /* Settings.bundle */; };
/* End PBXBuildFile section */

/* Begin PBXCopyFilesBuildPhase section */
		6F958BFC1C752AF90029A3CE /* Embed Frameworks */ = {
			isa = PBXCopyFilesBuildPhase;
			buildActionMask = 2147483647;
			dstPath = "";
			dstSubfolderSpec = 10;
			files = (
				6FC96EF01C8546E0008450CD /* BridgeEngine.framework in Embed Frameworks */,
			);
			name = "Embed Frameworks";
			runOnlyForDeploymentPostprocessing = 0;
		};
/* End PBXCopyFilesBuildPhase section */

/* Begin PBXFileReference section */
		0DF7F8861B8E387E003127B0 /* SceneKit.framework */ = {isa = PBXFileReference; lastKnownFileType = wrapper.framework; name = SceneKit.framework; path = System/Library/Frameworks/SceneKit.framework; sourceTree = SDKROOT; };
		2AFC8D77176F966000F7F3B5 /* UIKit.framework */ = {isa = PBXFileReference; lastKnownFileType = wrapper.framework; name = UIKit.framework; path = System/Library/Frameworks/UIKit.framework; sourceTree = SDKROOT; };
		6F2000A61C88061E00637F79 /* BridgeEngineSample.entitlements */ = {isa = PBXFileReference; lastKnownFileType = text.xml; path = BridgeEngineSample.entitlements; sourceTree = "<group>"; };
		6F5CA0991C751A4B00A33642 /* BridgeEngineSample.app */ = {isa = PBXFileReference; explicitFileType = wrapper.application; includeInIndex = 0; path = BridgeEngineSample.app; sourceTree = BUILT_PRODUCTS_DIR; };
		6F5CA09C1C751A4B00A33642 /* main.mm */ = {isa = PBXFileReference; lastKnownFileType = sourcecode.cpp.objcpp; path = main.mm; sourceTree = "<group>"; };
		6F5CA09E1C751A4B00A33642 /* AppDelegate.h */ = {isa = PBXFileReference; lastKnownFileType = sourcecode.c.h; path = AppDelegate.h; sourceTree = "<group>"; };
		6F5CA09F1C751A4B00A33642 /* AppDelegate.mm */ = {isa = PBXFileReference; lastKnownFileType = sourcecode.cpp.objcpp; path = AppDelegate.mm; sourceTree = "<group>"; };
		6F5CA0A11C751A4B00A33642 /* ViewController.h */ = {isa = PBXFileReference; lastKnownFileType = sourcecode.c.h; path = ViewController.h; sourceTree = "<group>"; };
		6F5CA0A21C751A4B00A33642 /* ViewController.mm */ = {isa = PBXFileReference; lastKnownFileType = sourcecode.cpp.objcpp; path = ViewController.mm; sourceTree = "<group>"; };
		6F5CA0A51C751A4B00A33642 /* Base */ = {isa = PBXFileReference; lastKnownFileType = file.storyboard; name = Base; path = Base.lproj/Main.storyboard; sourceTree = "<group>"; };
		6F5CA0A71C751A4B00A33642 /* Assets.xcassets */ = {isa = PBXFileReference; lastKnownFileType = folder.assetcatalog; path = Assets.xcassets; sourceTree = "<group>"; };
		6F5CA0AA1C751A4B00A33642 /* Base */ = {isa = PBXFileReference; lastKnownFileType = file.storyboard; name = Base; path = Base.lproj/LaunchScreen.storyboard; sourceTree = "<group>"; };
		6F5CA0AC1C751A4B00A33642 /* Info.plist */ = {isa = PBXFileReference; lastKnownFileType = text.plist.xml; path = Info.plist; sourceTree = "<group>"; };
		6F85C2741C7E69C600152850 /* Assets.scnassets */ = {isa = PBXFileReference; lastKnownFileType = wrapper.scnassets; path = Assets.scnassets; sourceTree = "<group>"; };
		6FB58D0A1C853E0400EFDE8C /* BridgeEngine.framework */ = {isa = PBXFileReference; lastKnownFileType = wrapper.framework; path = BridgeEngine.framework; sourceTree = SOURCE_ROOT; };
		6FF00A3A1C812D61009A3BCD /* Settings.bundle */ = {isa = PBXFileReference; lastKnownFileType = "wrapper.plug-in"; path = Settings.bundle; sourceTree = "<group>"; };
/* End PBXFileReference section */

/* Begin PBXFrameworksBuildPhase section */
		6F5CA0961C751A4B00A33642 /* Frameworks */ = {
			isa = PBXFrameworksBuildPhase;
			buildActionMask = 2147483647;
			files = (
				6FC96EEF1C8546E0008450CD /* BridgeEngine.framework in Frameworks */,
				6F2E92141C7E735A00C43E8A /* SceneKit.framework in Frameworks */,
				6F2E92131C7E735000C43E8A /* UIKit.framework in Frameworks */,
			);
			runOnlyForDeploymentPostprocessing = 0;
		};
/* End PBXFrameworksBuildPhase section */

/* Begin PBXGroup section */
		2AFC8D6B176F966000F7F3B5 = {
			isa = PBXGroup;
			children = (
				6F5CA09A1C751A4B00A33642 /* BridgeEngineSample */,
				2AFC8D76176F966000F7F3B5 /* Frameworks */,
				2AFC8D75176F966000F7F3B5 /* Products */,
			);
			sourceTree = "<group>";
		};
		2AFC8D75176F966000F7F3B5 /* Products */ = {
			isa = PBXGroup;
			children = (
				6F5CA0991C751A4B00A33642 /* BridgeEngineSample.app */,
			);
			name = Products;
			sourceTree = "<group>";
		};
		2AFC8D76176F966000F7F3B5 /* Frameworks */ = {
			isa = PBXGroup;
			children = (
				6FB58D0A1C853E0400EFDE8C /* BridgeEngine.framework */,
				0DF7F8861B8E387E003127B0 /* SceneKit.framework */,
				2AFC8D77176F966000F7F3B5 /* UIKit.framework */,
			);
			name = Frameworks;
			sourceTree = "<group>";
		};
		6F5CA09A1C751A4B00A33642 /* BridgeEngineSample */ = {
			isa = PBXGroup;
			children = (
				6F2000A61C88061E00637F79 /* BridgeEngineSample.entitlements */,
				6FF00A3A1C812D61009A3BCD /* Settings.bundle */,
				6F5CA0A71C751A4B00A33642 /* Assets.xcassets */,
				6F85C2741C7E69C600152850 /* Assets.scnassets */,
				6F5CA0AC1C751A4B00A33642 /* Info.plist */,
				6F5CA0A91C751A4B00A33642 /* LaunchScreen.storyboard */,
				6F5CA0A41C751A4B00A33642 /* Main.storyboard */,
				6F5CA09C1C751A4B00A33642 /* main.mm */,
				6F5CA09E1C751A4B00A33642 /* AppDelegate.h */,
				6F5CA09F1C751A4B00A33642 /* AppDelegate.mm */,
				6F5CA0A11C751A4B00A33642 /* ViewController.h */,
				6F5CA0A21C751A4B00A33642 /* ViewController.mm */,
			);
			path = BridgeEngineSample;
			sourceTree = "<group>";
		};
/* End PBXGroup section */

/* Begin PBXNativeTarget section */
		6F5CA0981C751A4B00A33642 /* BridgeEngineSample */ = {
			isa = PBXNativeTarget;
			buildConfigurationList = 6F5CA0B21C751A4B00A33642 /* Build configuration list for PBXNativeTarget "BridgeEngineSample" */;
			buildPhases = (
				6F5CA0951C751A4B00A33642 /* Sources */,
				6F5CA0971C751A4B00A33642 /* Resources */,
				6F5CA0961C751A4B00A33642 /* Frameworks */,
				6F958BFC1C752AF90029A3CE /* Embed Frameworks */,
			);
			buildRules = (
			);
			dependencies = (
			);
			name = BridgeEngineSample;
			productName = BridgeEngineSample;
			productReference = 6F5CA0991C751A4B00A33642 /* BridgeEngineSample.app */;
			productType = "com.apple.product-type.application";
		};
/* End PBXNativeTarget section */

/* Begin PBXProject section */
		2AFC8D6C176F966000F7F3B5 /* Project object */ = {
			isa = PBXProject;
			attributes = {
				LastUpgradeCheck = 0700;
				ORGANIZATIONNAME = Occipital;
				TargetAttributes = {
					6F5CA0981C751A4B00A33642 = {
						CreatedOnToolsVersion = 7.2.1;
						DevelopmentTeam = TP97HMW84Y;
						SystemCapabilities = {
							com.apple.ApplicationGroups.iOS = {
								enabled = 1;
							};
						};
					};
				};
			};
			buildConfigurationList = 2AFC8D6F176F966000F7F3B5 /* Build configuration list for PBXProject "BridgeEngineSample" */;
			compatibilityVersion = "Xcode 6.3";
			developmentRegion = English;
			hasScannedForEncodings = 0;
			knownRegions = (
				en,
				global,
				Base,
			);
			mainGroup = 2AFC8D6B176F966000F7F3B5;
			productRefGroup = 2AFC8D75176F966000F7F3B5 /* Products */;
			projectDirPath = "";
			projectRoot = "";
			targets = (
				6F5CA0981C751A4B00A33642 /* BridgeEngineSample */,
			);
		};
/* End PBXProject section */

/* Begin PBXResourcesBuildPhase section */
		6F5CA0971C751A4B00A33642 /* Resources */ = {
			isa = PBXResourcesBuildPhase;
			buildActionMask = 2147483647;
			files = (
				6F85C2751C7E69C600152850 /* Assets.scnassets in Resources */,
				6F5CA0A81C751A4B00A33642 /* Assets.xcassets in Resources */,
				6FF00A3B1C812D61009A3BCD /* Settings.bundle in Resources */,
				6F5CA0AB1C751A4B00A33642 /* LaunchScreen.storyboard in Resources */,
				6F5CA0A61C751A4B00A33642 /* Main.storyboard in Resources */,
			);
			runOnlyForDeploymentPostprocessing = 0;
		};
/* End PBXResourcesBuildPhase section */

/* Begin PBXSourcesBuildPhase section */
		6F5CA0951C751A4B00A33642 /* Sources */ = {
			isa = PBXSourcesBuildPhase;
			buildActionMask = 2147483647;
			files = (
				6F5CA0A31C751A4B00A33642 /* ViewController.mm in Sources */,
				6F5CA0A01C751A4B00A33642 /* AppDelegate.mm in Sources */,
				6F5CA09D1C751A4B00A33642 /* main.mm in Sources */,
			);
			runOnlyForDeploymentPostprocessing = 0;
		};
/* End PBXSourcesBuildPhase section */

/* Begin PBXVariantGroup section */
		6F5CA0A41C751A4B00A33642 /* Main.storyboard */ = {
			isa = PBXVariantGroup;
			children = (
				6F5CA0A51C751A4B00A33642 /* Base */,
			);
			name = Main.storyboard;
			sourceTree = "<group>";
		};
		6F5CA0A91C751A4B00A33642 /* LaunchScreen.storyboard */ = {
			isa = PBXVariantGroup;
			children = (
				6F5CA0AA1C751A4B00A33642 /* Base */,
			);
			name = LaunchScreen.storyboard;
			sourceTree = "<group>";
		};
/* End PBXVariantGroup section */

/* Begin XCBuildConfiguration section */
		2AAA81FF1A72FC7900CBAF27 /* Debug */ = {
			isa = XCBuildConfiguration;
			buildSettings = {
				ALWAYS_SEARCH_USER_PATHS = YES;
				CLANG_CXX_LANGUAGE_STANDARD = "gnu++14";
				CLANG_CXX_LIBRARY = "libc++";
				CLANG_ENABLE_OBJC_ARC = YES;
				CODE_SIGN_IDENTITY = "iPhone Developer";
				COPY_PHASE_STRIP = NO;
				ENABLE_BITCODE = NO;
				ENABLE_TESTABILITY = YES;
				GCC_OPTIMIZATION_LEVEL = 0;
				"GCC_PREPROCESSOR_DEFINITIONS[arch=*]" = (
					"$(GCC_PREPROCESSOR_DEFINITIONS)",
					"DEBUG=1",
				);
				IPHONEOS_DEPLOYMENT_TARGET = 9.2;
				ONLY_ACTIVE_ARCH = YES;
				SDKROOT = iphoneos;
				TARGETED_DEVICE_FAMILY = "1,2";
				USE_HEADERMAP = NO;
			};
			name = Debug;
		};
		2AFC8DA1176F966000F7F3B5 /* Release */ = {
			isa = XCBuildConfiguration;
			buildSettings = {
				ALWAYS_SEARCH_USER_PATHS = YES;
				CLANG_CXX_LANGUAGE_STANDARD = "gnu++14";
				CLANG_CXX_LIBRARY = "libc++";
				CLANG_ENABLE_OBJC_ARC = YES;
				CODE_SIGN_IDENTITY = "iPhone Developer";
				ENABLE_BITCODE = NO;
				ENABLE_NS_ASSERTIONS = NO;
				IPHONEOS_DEPLOYMENT_TARGET = 9.2;
				ONLY_ACTIVE_ARCH = YES;
				SDKROOT = iphoneos;
				TARGETED_DEVICE_FAMILY = "1,2";
				USE_HEADERMAP = NO;
				VALIDATE_PRODUCT = YES;
			};
			name = Release;
		};
		6F5CA0AE1C751A4B00A33642 /* Debug */ = {
			isa = XCBuildConfiguration;
			buildSettings = {
				ALWAYS_SEARCH_USER_PATHS = NO;
				ASSETCATALOG_COMPILER_APPICON_NAME = AppIcon;
				CLANG_ENABLE_MODULES = YES;
				CLANG_WARN_BOOL_CONVERSION = YES;
				CLANG_WARN_CONSTANT_CONVERSION = YES;
				CLANG_WARN_DIRECT_OBJC_ISA_USAGE = YES_ERROR;
				CLANG_WARN_EMPTY_BODY = YES;
				CLANG_WARN_ENUM_CONVERSION = YES;
				CLANG_WARN_INT_CONVERSION = YES;
				CLANG_WARN_OBJC_ROOT_CLASS = YES_ERROR;
				CLANG_WARN_UNREACHABLE_CODE = YES;
				CLANG_WARN__DUPLICATE_METHOD_MATCH = YES;
				CODE_SIGN_ENTITLEMENTS = BridgeEngineSample/BridgeEngineSample.entitlements;
				CODE_SIGN_IDENTITY = "iPhone Developer";
				"CODE_SIGN_IDENTITY[sdk=iphoneos*]" = "iPhone Developer";
				DEBUG_INFORMATION_FORMAT = dwarf;
				ENABLE_STRICT_OBJC_MSGSEND = YES;
				FRAMEWORK_SEARCH_PATHS = (
					"$(inherited)",
					"$(PROJECT_DIR)",
				);
				GCC_C_LANGUAGE_STANDARD = gnu99;
				GCC_DYNAMIC_NO_PIC = NO;
				GCC_NO_COMMON_BLOCKS = YES;
				GCC_OPTIMIZATION_LEVEL = 0;
				GCC_PREPROCESSOR_DEFINITIONS = (
					"DEBUG=1",
					"$(inherited)",
				);
				GCC_WARN_64_TO_32_BIT_CONVERSION = YES;
				GCC_WARN_ABOUT_RETURN_TYPE = YES_ERROR;
				GCC_WARN_UNDECLARED_SELECTOR = YES;
				GCC_WARN_UNINITIALIZED_AUTOS = YES_AGGRESSIVE;
				GCC_WARN_UNUSED_FUNCTION = YES;
				GCC_WARN_UNUSED_VARIABLE = YES;
				INFOPLIST_FILE = BridgeEngineSample/Info.plist;
				LD_RUNPATH_SEARCH_PATHS = "$(inherited) @executable_path/Frameworks";
				MTL_ENABLE_DEBUG_INFO = YES;
				PRODUCT_BUNDLE_IDENTIFIER = com.occipital.BridgeEngineSample;
				PRODUCT_NAME = "$(TARGET_NAME)";
			};
			name = Debug;
		};
		6F5CA0AF1C751A4B00A33642 /* Release */ = {
			isa = XCBuildConfiguration;
			buildSettings = {
				ALWAYS_SEARCH_USER_PATHS = NO;
				ASSETCATALOG_COMPILER_APPICON_NAME = AppIcon;
				CLANG_ENABLE_MODULES = YES;
				CLANG_WARN_BOOL_CONVERSION = YES;
				CLANG_WARN_CONSTANT_CONVERSION = YES;
				CLANG_WARN_DIRECT_OBJC_ISA_USAGE = YES_ERROR;
				CLANG_WARN_EMPTY_BODY = YES;
				CLANG_WARN_ENUM_CONVERSION = YES;
				CLANG_WARN_INT_CONVERSION = YES;
				CLANG_WARN_OBJC_ROOT_CLASS = YES_ERROR;
				CLANG_WARN_UNREACHABLE_CODE = YES;
				CLANG_WARN__DUPLICATE_METHOD_MATCH = YES;
				CODE_SIGN_ENTITLEMENTS = BridgeEngineSample/BridgeEngineSample.entitlements;
				CODE_SIGN_IDENTITY = "iPhone Developer";
				"CODE_SIGN_IDENTITY[sdk=iphoneos*]" = "iPhone Developer";
				COPY_PHASE_STRIP = NO;
				DEBUG_INFORMATION_FORMAT = "dwarf-with-dsym";
				ENABLE_STRICT_OBJC_MSGSEND = YES;
				FRAMEWORK_SEARCH_PATHS = (
					"$(inherited)",
					"$(PROJECT_DIR)",
				);
				GCC_C_LANGUAGE_STANDARD = gnu99;
				GCC_NO_COMMON_BLOCKS = YES;
				GCC_WARN_64_TO_32_BIT_CONVERSION = YES;
				GCC_WARN_ABOUT_RETURN_TYPE = YES_ERROR;
				GCC_WARN_UNDECLARED_SELECTOR = YES;
				GCC_WARN_UNINITIALIZED_AUTOS = YES_AGGRESSIVE;
				GCC_WARN_UNUSED_FUNCTION = YES;
				GCC_WARN_UNUSED_VARIABLE = YES;
				INFOPLIST_FILE = BridgeEngineSample/Info.plist;
				LD_RUNPATH_SEARCH_PATHS = "$(inherited) @executable_path/Frameworks";
				MTL_ENABLE_DEBUG_INFO = NO;
				PRODUCT_BUNDLE_IDENTIFIER = com.occipital.BridgeEngineSample;
				PRODUCT_NAME = "$(TARGET_NAME)";
			};
			name = Release;
		};
/* End XCBuildConfiguration section */

/* Begin XCConfigurationList section */
		2AFC8D6F176F966000F7F3B5 /* Build configuration list for PBXProject "BridgeEngineSample" */ = {
			isa = XCConfigurationList;
			buildConfigurations = (
				2AAA81FF1A72FC7900CBAF27 /* Debug */,
				2AFC8DA1176F966000F7F3B5 /* Release */,
			);
			defaultConfigurationIsVisible = 0;
			defaultConfigurationName = Release;
		};
		6F5CA0B21C751A4B00A33642 /* Build configuration list for PBXNativeTarget "BridgeEngineSample" */ = {
			isa = XCConfigurationList;
			buildConfigurations = (
				6F5CA0AE1C751A4B00A33642 /* Debug */,
				6F5CA0AF1C751A4B00A33642 /* Release */,
			);
			defaultConfigurationIsVisible = 0;
			defaultConfigurationName = Release;
		};
/* End XCConfigurationList section */
	};
	rootObject = 2AFC8D6C176F966000F7F3B5 /* Project object */;
}
